
Microsoft Visual Studio Solution File, Format Version 12.00
# Visual Studio 14
VisualStudioVersion = 14.0.25420.1
MinimumVisualStudioVersion = 10.0.40219.1
Project("{8BC9CEB8-8B4A-11D0-8D11-00A0C91BC942}") = "glass", "glass\glass.vcxproj", "{406896D7-AA23-443D-960B-2F4EF17610BC}"
EndProject
Project("{8BC9CEB8-8B4A-11D0-8D11-00A0C91BC942}") = "car", "car\car.vcxproj", "{A48CD3EE-741A-4B24-86DE-436CB570B027}"
EndProject
Project("{8BC9CEB8-8B4A-11D0-8D11-00A0C91BC942}") = "car_tests", "car\car_tests\car_tests.vcxproj", "{C62E851B-81D5-4120-9D16-75ADEC25A20F}"
EndProject
Global
	GlobalSection(SolutionConfigurationPlatforms) = preSolution
		Debug|x64 = Debug|x64
		Debug|x86 = Debug|x86
		Release|x64 = Release|x64
		Release|x86 = Release|x86
	EndGlobalSection
	GlobalSection(ProjectConfigurationPlatforms) = postSolution
		{406896D7-AA23-443D-960B-2F4EF17610BC}.Debug|x64.ActiveCfg = Debug|x64
		{406896D7-AA23-443D-960B-2F4EF17610BC}.Debug|x64.Build.0 = Debug|x64
		{406896D7-AA23-443D-960B-2F4EF17610BC}.Debug|x86.ActiveCfg = Debug|Win32
		{406896D7-AA23-443D-960B-2F4EF17610BC}.Debug|x86.Build.0 = Debug|Win32
		{406896D7-AA23-443D-960B-2F4EF17610BC}.Release|x64.ActiveCfg = Release|x64
		{406896D7-AA23-443D-960B-2F4EF17610BC}.Release|x64.Build.0 = Release|x64
		{406896D7-AA23-443D-960B-2F4EF17610BC}.Release|x86.ActiveCfg = Release|Win32
		{406896D7-AA23-443D-960B-2F4EF17610BC}.Release|x86.Build.0 = Release|Win32
		{A48CD3EE-741A-4B24-86DE-436CB570B027}.Debug|x64.ActiveCfg = Debug|x64
		{A48CD3EE-741A-4B24-86DE-436CB570B027}.Debug|x64.Build.0 = Debug|x64
		{A48CD3EE-741A-4B24-86DE-436CB570B027}.Debug|x86.ActiveCfg = Debug|Win32
		{A48CD3EE-741A-4B24-86DE-436CB570B027}.Debug|x86.Build.0 = Debug|Win32
		{A48CD3EE-741A-4B24-86DE-436CB570B027}.Release|x64.ActiveCfg = Release|x64
		{A48CD3EE-741A-4B24-86DE-436CB570B027}.Release|x64.Build.0 = Release|x64
		{A48CD3EE-741A-4B24-86DE-436CB570B027}.Release|x86.ActiveCfg = Release|Win32
		{A48CD3EE-741A-4B24-86DE-436CB570B027}.Release|x86.Build.0 = Release|Win32
		{C62E851B-81D5-4120-9D16-75ADEC25A20F}.Debug|x64.ActiveCfg = Debug|x64
		{C62E851B-81D5-4120-9D16-75ADEC25A20F}.Debug|x64.Build.0 = Debug|x64
		{C62E851B-81D5-4120-9D16-75ADEC25A20F}.Debug|x86.ActiveCfg = Debug|Win32
		{C62E851B-81D5-4120-9D16-75ADEC25A20F}.Debug|x86.Build.0 = Debug|Win32
		{C62E851B-81D5-4120-9D16-75ADEC25A20F}.Release|x64.ActiveCfg = Release|x64
		{C62E851B-81D5-4120-9D16-75ADEC25A20F}.Release|x64.Build.0 = Release|x64
		{C62E851B-81D5-4120-9D16-75ADEC25A20F}.Release|x86.ActiveCfg = Release|Win32
		{C62E851B-81D5-4120-9D16-75ADEC25A20F}.Release|x86.Build.0 = Release|Win32
	EndGlobalSection
	GlobalSection(SolutionProperties) = preSolution
		HideSolutionNode = FALSE
	EndGlobalSection
EndGlobal
